
Microsoft Visual Studio Solution File, Format Version 12.00
# Visual Studio 14
VisualStudioVersion = 14.0.25123.0
MinimumVisualStudioVersion = 10.0.40219.1
Project("{FAE04EC0-301F-11D3-BF4B-00C04F79EFBC}") = "Fibonacci", "Fibonacci\Fibonacci.csproj", "{DC7A0EBB-8E4B-4AB4-B1AB-3DD4BC98508D}"
EndProject
Global
	GlobalSection(SolutionConfigurationPlatforms) = preSolution
		Debug|Any CPU = Debug|Any CPU
		Release|Any CPU = Release|Any CPU
	EndGlobalSection
	GlobalSection(ProjectConfigurationPlatforms) = postSolution
		{DC7A0EBB-8E4B-4AB4-B1AB-3DD4BC98508D}.Debug|Any CPU.ActiveCfg = Debug|Any CPU
		{DC7A0EBB-8E4B-4AB4-B1AB-3DD4BC98508D}.Debug|Any CPU.Build.0 = Debug|Any CPU
		{DC7A0EBB-8E4B-4AB4-B1AB-3DD4BC98508D}.Release|Any CPU.ActiveCfg = Release|Any CPU
		{DC7A0EBB-8E4B-4AB4-B1AB-3DD4BC98508D}.Release|Any CPU.Build.0 = Release|Any CPU
	EndGlobalSection
	GlobalSection(SolutionProperties) = preSolution
		HideSolutionNode = FALSE
	EndGlobalSection
EndGlobal
